// !$*UTF8*$!
{
	archiveVersion = 1;
	classes = {
	};
	objectVersion = 46;
	objects = {

/* Begin PBXBuildFile section */
		35A013DE1AF9016400CC7D5E /* main.m in Sources */ = {isa = PBXBuildFile; fileRef = 35A013DD1AF9016400CC7D5E /* main.m */; };
		35A013E11AF9016400CC7D5E /* AppDelegate.m in Sources */ = {isa = PBXBuildFile; fileRef = 35A013E01AF9016400CC7D5E /* AppDelegate.m */; };
		35A013E41AF9016400CC7D5E /* ViewController.m in Sources */ = {isa = PBXBuildFile; fileRef = 35A013E31AF9016400CC7D5E /* ViewController.m */; };
		35A013E71AF9016400CC7D5E /* Main.storyboard in Resources */ = {isa = PBXBuildFile; fileRef = 35A013E51AF9016400CC7D5E /* Main.storyboard */; };
		35A013E91AF9016400CC7D5E /* Images.xcassets in Resources */ = {isa = PBXBuildFile; fileRef = 35A013E81AF9016400CC7D5E /* Images.xcassets */; };
		35A013EC1AF9016400CC7D5E /* LaunchScreen.xib in Resources */ = {isa = PBXBuildFile; fileRef = 35A013EA1AF9016400CC7D5E /* LaunchScreen.xib */; };
		35A013F81AF9016400CC7D5E /* BiyeassTests.m in Sources */ = {isa = PBXBuildFile; fileRef = 35A013F71AF9016400CC7D5E /* BiyeassTests.m */; };
/* End PBXBuildFile section */

/* Begin PBXContainerItemProxy section */
		35A013F21AF9016400CC7D5E /* PBXContainerItemProxy */ = {
			isa = PBXContainerItemProxy;
			containerPortal = 35A013D01AF9016400CC7D5E /* Project object */;
			proxyType = 1;
			remoteGlobalIDString = 35A013D71AF9016400CC7D5E;
			remoteInfo = Biyeass;
		};
/* End PBXContainerItemProxy section */

/* Begin PBXFileReference section */
		35A013D81AF9016400CC7D5E /* Biyeass.app */ = {isa = PBXFileReference; explicitFileType = wrapper.application; includeInIndex = 0; path = Biyeass.app; sourceTree = BUILT_PRODUCTS_DIR; };
		35A013DC1AF9016400CC7D5E /* Info.plist */ = {isa = PBXFileReference; lastKnownFileType = text.plist.xml; path = Info.plist; sourceTree = "<group>"; };
		35A013DD1AF9016400CC7D5E /* main.m */ = {isa = PBXFileReference; lastKnownFileType = sourcecode.c.objc; path = main.m; sourceTree = "<group>"; };
		35A013DF1AF9016400CC7D5E /* AppDelegate.h */ = {isa = PBXFileReference; lastKnownFileType = sourcecode.c.h; path = AppDelegate.h; sourceTree = "<group>"; };
		35A013E01AF9016400CC7D5E /* AppDelegate.m */ = {isa = PBXFileReference; lastKnownFileType = sourcecode.c.objc; path = AppDelegate.m; sourceTree = "<group>"; };
		35A013E21AF9016400CC7D5E /* ViewController.h */ = {isa = PBXFileReference; lastKnownFileType = sourcecode.c.h; path = ViewController.h; sourceTree = "<group>"; };
		35A013E31AF9016400CC7D5E /* ViewController.m */ = {isa = PBXFileReference; lastKnownFileType = sourcecode.c.objc; path = ViewController.m; sourceTree = "<group>"; };
		35A013E61AF9016400CC7D5E /* Base */ = {isa = PBXFileReference; lastKnownFileType = file.storyboard; name = Base; path = Base.lproj/Main.storyboard; sourceTree = "<group>"; };
		35A013E81AF9016400CC7D5E /* Images.xcassets */ = {isa = PBXFileReference; lastKnownFileType = folder.assetcatalog; path = Images.xcassets; sourceTree = "<group>"; };
		35A013EB1AF9016400CC7D5E /* Base */ = {isa = PBXFileReference; lastKnownFileType = file.xib; name = Base; path = Base.lproj/LaunchScreen.xib; sourceTree = "<group>"; };
		35A013F11AF9016400CC7D5E /* BiyeassTests.xctest */ = {isa = PBXFileReference; explicitFileType = wrapper.cfbundle; includeInIndex = 0; path = BiyeassTests.xctest; sourceTree = BUILT_PRODUCTS_DIR; };
		35A013F61AF9016400CC7D5E /* Info.plist */ = {isa = PBXFileReference; lastKnownFileType = text.plist.xml; path = Info.plist; sourceTree = "<group>"; };
		35A013F71AF9016400CC7D5E /* BiyeassTests.m */ = {isa = PBXFileReference; lastKnownFileType = sourcecode.c.objc; path = BiyeassTests.m; sourceTree = "<group>"; };
/* End PBXFileReference section */

/* Begin PBXFrameworksBuildPhase section */
		35A013D51AF9016400CC7D5E /* Frameworks */ = {
			isa = PBXFrameworksBuildPhase;
			buildActionMask = 2147483647;
			files = (
			);
			runOnlyForDeploymentPostprocessing = 0;
		};
		35A013EE1AF9016400CC7D5E /* Frameworks */ = {
			isa = PBXFrameworksBuildPhase;
			buildActionMask = 2147483647;
			files = (
			);
			runOnlyForDeploymentPostprocessing = 0;
		};
/* End PBXFrameworksBuildPhase section */

/* Begin PBXGroup section */
		35A013CF1AF9016400CC7D5E = {
			isa = PBXGroup;
			children = (
				35A013DA1AF9016400CC7D5E /* Biyeass */,
				35A013F41AF9016400CC7D5E /* BiyeassTests */,
				35A013D91AF9016400CC7D5E /* Products */,
			);
			sourceTree = "<group>";
		};
		35A013D91AF9016400CC7D5E /* Products */ = {
			isa = PBXGroup;
			children = (
				35A013D81AF9016400CC7D5E /* Biyeass.app */,
				35A013F11AF9016400CC7D5E /* BiyeassTests.xctest */,
			);
			name = Products;
			sourceTree = "<group>";
		};
		35A013DA1AF9016400CC7D5E /* Biyeass */ = {
			isa = PBXGroup;
			children = (
				35A013DF1AF9016400CC7D5E /* AppDelegate.h */,
				35A013E01AF9016400CC7D5E /* AppDelegate.m */,
				35A013E21AF9016400CC7D5E /* ViewController.h */,
				35A013E31AF9016400CC7D5E /* ViewController.m */,
				35A013E51AF9016400CC7D5E /* Main.storyboard */,
				35A013E81AF9016400CC7D5E /* Images.xcassets */,
				35A013EA1AF9016400CC7D5E /* LaunchScreen.xib */,
				35A013DB1AF9016400CC7D5E /* Supporting Files */,
			);
			path = Biyeass;
			sourceTree = "<group>";
		};
		35A013DB1AF9016400CC7D5E /* Supporting Files */ = {
			isa = PBXGroup;
			children = (
				35A013DC1AF9016400CC7D5E /* Info.plist */,
				35A013DD1AF9016400CC7D5E /* main.m */,
			);
			name = "Supporting Files";
			sourceTree = "<group>";
		};
		35A013F41AF9016400CC7D5E /* BiyeassTests */ = {
			isa = PBXGroup;
			children = (
				35A013F71AF9016400CC7D5E /* BiyeassTests.m */,
				35A013F51AF9016400CC7D5E /* Supporting Files */,
			);
			path = BiyeassTests;
			sourceTree = "<group>";
		};
		35A013F51AF9016400CC7D5E /* Supporting Files */ = {
			isa = PBXGroup;
			children = (
				35A013F61AF9016400CC7D5E /* Info.plist */,
			);
			name = "Supporting Files";
			sourceTree = "<group>";
		};
/* End PBXGroup section */

/* Begin PBXNativeTarget section */
		35A013D71AF9016400CC7D5E /* Biyeass */ = {
			isa = PBXNativeTarget;
			buildConfigurationList = 35A013FB1AF9016400CC7D5E /* Build configuration list for PBXNativeTarget "Biyeass" */;
			buildPhases = (
				35A013D41AF9016400CC7D5E /* Sources */,
				35A013D51AF9016400CC7D5E /* Frameworks */,
				35A013D61AF9016400CC7D5E /* Resources */,
			);
			buildRules = (
			);
			dependencies = (
			);
			name = Biyeass;
			productName = Biyeass;
			productReference = 35A013D81AF9016400CC7D5E /* Biyeass.app */;
			productType = "com.apple.product-type.application";
		};
		35A013F01AF9016400CC7D5E /* BiyeassTests */ = {
			isa = PBXNativeTarget;
			buildConfigurationList = 35A013FE1AF9016400CC7D5E /* Build configuration list for PBXNativeTarget "BiyeassTests" */;
			buildPhases = (
				35A013ED1AF9016400CC7D5E /* Sources */,
				35A013EE1AF9016400CC7D5E /* Frameworks */,
				35A013EF1AF9016400CC7D5E /* Resources */,
			);
			buildRules = (
			);
			dependencies = (
				35A013F31AF9016400CC7D5E /* PBXTargetDependency */,
			);
			name = BiyeassTests;
			productName = BiyeassTests;
			productReference = 35A013F11AF9016400CC7D5E /* BiyeassTests.xctest */;
			productType = "com.apple.product-type.bundle.unit-test";
		};
/* End PBXNativeTarget section */

/* Begin PBXProject section */
		35A013D01AF9016400CC7D5E /* Project object */ = {
			isa = PBXProject;
			attributes = {
				LastUpgradeCheck = 0630;
				ORGANIZATIONNAME = Biyeass;
				TargetAttributes = {
					35A013D71AF9016400CC7D5E = {
						CreatedOnToolsVersion = 6.3.1;
					};
					35A013F01AF9016400CC7D5E = {
						CreatedOnToolsVersion = 6.3.1;
						TestTargetID = 35A013D71AF9016400CC7D5E;
					};
				};
			};
			buildConfigurationList = 35A013D31AF9016400CC7D5E /* Build configuration list for PBXProject "Biyeass" */;
			compatibilityVersion = "Xcode 3.2";
			developmentRegion = English;
			hasScannedForEncodings = 0;
			knownRegions = (
				en,
				Base,
			);
			mainGroup = 35A013CF1AF9016400CC7D5E;
			productRefGroup = 35A013D91AF9016400CC7D5E /* Products */;
			projectDirPath = "";
			projectRoot = "";
			targets = (
				35A013D71AF9016400CC7D5E /* Biyeass */,
				35A013F01AF9016400CC7D5E /* BiyeassTests */,
			);
		};
/* End PBXProject section */

/* Begin PBXResourcesBuildPhase section */
		35A013D61AF9016400CC7D5E /* Resources */ = {
			isa = PBXResourcesBuildPhase;
			buildActionMask = 2147483647;
			files = (
				35A013E71AF9016400CC7D5E /* Main.storyboard in Resources */,
				35A013EC1AF9016400CC7D5E /* LaunchScreen.xib in Resources */,
				35A013E91AF9016400CC7D5E /* Images.xcassets in Resources */,
			);
			runOnlyForDeploymentPostprocessing = 0;
		};
		35A013EF1AF9016400CC7D5E /* Resources */ = {
			isa = PBXResourcesBuildPhase;
			buildActionMask = 2147483647;
			files = (
			);
			runOnlyForDeploymentPostprocessing = 0;
		};
/* End PBXResourcesBuildPhase section */

/* Begin PBXSourcesBuildPhase section */
		35A013D41AF9016400CC7D5E /* Sources */ = {
			isa = PBXSourcesBuildPhase;
			buildActionMask = 2147483647;
			files = (
				35A013E41AF9016400CC7D5E /* ViewController.m in Sources */,
				35A013E11AF9016400CC7D5E /* AppDelegate.m in Sources */,
				35A013DE1AF9016400CC7D5E /* main.m in Sources */,
			);
			runOnlyForDeploymentPostprocessing = 0;
		};
		35A013ED1AF9016400CC7D5E /* Sources */ = {
			isa = PBXSourcesBuildPhase;
			buildActionMask = 2147483647;
			files = (
				35A013F81AF9016400CC7D5E /* BiyeassTests.m in Sources */,
			);
			runOnlyForDeploymentPostprocessing = 0;
		};
/* End PBXSourcesBuildPhase section */

/* Begin PBXTargetDependency section */
		35A013F31AF9016400CC7D5E /* PBXTargetDependency */ = {
			isa = PBXTargetDependency;
			target = 35A013D71AF9016400CC7D5E /* Biyeass */;
			targetProxy = 35A013F21AF9016400CC7D5E /* PBXContainerItemProxy */;
		};
/* End PBXTargetDependency section */

/* Begin PBXVariantGroup section */
		35A013E51AF9016400CC7D5E /* Main.storyboard */ = {
			isa = PBXVariantGroup;
			children = (
				35A013E61AF9016400CC7D5E /* Base */,
			);
			name = Main.storyboard;
			sourceTree = "<group>";
		};
		35A013EA1AF9016400CC7D5E /* LaunchScreen.xib */ = {
			isa = PBXVariantGroup;
			children = (
				35A013EB1AF9016400CC7D5E /* Base */,
			);
			name = LaunchScreen.xib;
			sourceTree = "<group>";
		};
/* End PBXVariantGroup section */

/* Begin XCBuildConfiguration section */
		35A013F91AF9016400CC7D5E /* Debug */ = {
			isa = XCBuildConfiguration;
			buildSettings = {
				ALWAYS_SEARCH_USER_PATHS = NO;
				CLANG_CXX_LANGUAGE_STANDARD = "gnu++0x";
				CLANG_CXX_LIBRARY = "libc++";
				CLANG_ENABLE_MODULES = YES;
				CLANG_ENABLE_OBJC_ARC = YES;
				CLANG_WARN_BOOL_CONVERSION = YES;
				CLANG_WARN_CONSTANT_CONVERSION = YES;
				CLANG_WARN_DIRECT_OBJC_ISA_USAGE = YES_ERROR;
				CLANG_WARN_EMPTY_BODY = YES;
				CLANG_WARN_ENUM_CONVERSION = YES;
				CLANG_WARN_INT_CONVERSION = YES;
				CLANG_WARN_OBJC_ROOT_CLASS = YES_ERROR;
				CLANG_WARN_UNREACHABLE_CODE = YES;
				CLANG_WARN__DUPLICATE_METHOD_MATCH = YES;
				"CODE_SIGN_IDENTITY[sdk=iphoneos*]" = "iPhone Developer";
				COPY_PHASE_STRIP = NO;
				DEBUG_INFORMATION_FORMAT = "dwarf-with-dsym";
				ENABLE_STRICT_OBJC_MSGSEND = YES;
				GCC_C_LANGUAGE_STANDARD = gnu99;
				GCC_DYNAMIC_NO_PIC = NO;
				GCC_NO_COMMON_BLOCKS = YES;
				GCC_OPTIMIZATION_LEVEL = 0;
				GCC_PREPROCESSOR_DEFINITIONS = (
					"DEBUG=1",
					"$(inherited)",
				);
				GCC_SYMBOLS_PRIVATE_EXTERN = NO;
				GCC_WARN_64_TO_32_BIT_CONVERSION = YES;
				GCC_WARN_ABOUT_RETURN_TYPE = YES_ERROR;
				GCC_WARN_UNDECLARED_SELECTOR = YES;
				GCC_WARN_UNINITIALIZED_AUTOS = YES_AGGRESSIVE;
				GCC_WARN_UNUSED_FUNCTION = YES;
				GCC_WARN_UNUSED_VARIABLE = YES;
				IPHONEOS_DEPLOYMENT_TARGET = 8.3;
				MTL_ENABLE_DEBUG_INFO = YES;
				ONLY_ACTIVE_ARCH = YES;
				SDKROOT = iphoneos;
				TARGETED_DEVICE_FAMILY = "1,2";
			};
			name = Debug;
		};
		35A013FA1AF9016400CC7D5E /* Release */ = {
			isa = XCBuildConfiguration;
			buildSettings = {
				ALWAYS_SEARCH_USER_PATHS = NO;
				CLANG_CXX_LANGUAGE_STANDARD = "gnu++0x";
				CLANG_CXX_LIBRARY = "libc++";
				CLANG_ENABLE_MODULES = YES;
				CLANG_ENABLE_OBJC_ARC = YES;
				CLANG_WARN_BOOL_CONVERSION = YES;
				CLANG_WARN_CONSTANT_CONVERSION = YES;
				CLANG_WARN_DIRECT_OBJC_ISA_USAGE = YES_ERROR;
				CLANG_WARN_EMPTY_BODY = YES;
				CLANG_WARN_ENUM_CONVERSION = YES;
				CLANG_WARN_INT_CONVERSION = YES;
				CLANG_WARN_OBJC_ROOT_CLASS = YES_ERROR;
				CLANG_WARN_UNREACHABLE_CODE = YES;
				CLANG_WARN__DUPLICATE_METHOD_MATCH = YES;
				"CODE_SIGN_IDENTITY[sdk=iphoneos*]" = "iPhone Developer";
				COPY_PHASE_STRIP = NO;
				DEBUG_INFORMATION_FORMAT = "dwarf-with-dsym";
				ENABLE_NS_ASSERTIONS = NO;
				ENABLE_STRICT_OBJC_MSGSEND = YES;
				GCC_C_LANGUAGE_STANDARD = gnu99;
				GCC_NO_COMMON_BLOCKS = YES;
				GCC_WARN_64_TO_32_BIT_CONVERSION = YES;
				GCC_WARN_ABOUT_RETURN_TYPE = YES_ERROR;
				GCC_WARN_UNDECLARED_SELECTOR = YES;
				GCC_WARN_UNINITIALIZED_AUTOS = YES_AGGRESSIVE;
				GCC_WARN_UNUSED_FUNCTION = YES;
				GCC_WARN_UNUSED_VARIABLE = YES;
				IPHONEOS_DEPLOYMENT_TARGET = 8.3;
				MTL_ENABLE_DEBUG_INFO = NO;
				SDKROOT = iphoneos;
				TARGETED_DEVICE_FAMILY = "1,2";
				VALIDATE_PRODUCT = YES;
			};
			name = Release;
		};
		35A013FC1AF9016400CC7D5E /* Debug */ = {
			isa = XCBuildConfiguration;
			buildSettings = {
				ASSETCATALOG_COMPILER_APPICON_NAME = AppIcon;
				INFOPLIST_FILE = Biyeass/Info.plist;
				LD_RUNPATH_SEARCH_PATHS = "$(inherited) @executable_path/Frameworks";
				PRODUCT_NAME = "$(TARGET_NAME)";
			};
			name = Debug;
		};
		35A013FD1AF9016400CC7D5E /* Release */ = {
			isa = XCBuildConfiguration;
			buildSettings = {
				ASSETCATALOG_COMPILER_APPICON_NAME = AppIcon;
				INFOPLIST_FILE = Biyeass/Info.plist;
				LD_RUNPATH_SEARCH_PATHS = "$(inherited) @executable_path/Frameworks";
				PRODUCT_NAME = "$(TARGET_NAME)";
			};
			name = Release;
		};
		35A013FF1AF9016400CC7D5E /* Debug */ = {
			isa = XCBuildConfiguration;
			buildSettings = {
				BUNDLE_LOADER = "$(TEST_HOST)";
				FRAMEWORK_SEARCH_PATHS = (
					"$(SDKROOT)/Developer/Library/Frameworks",
					"$(inherited)",
				);
				GCC_PREPROCESSOR_DEFINITIONS = (
					"DEBUG=1",
					"$(inherited)",
				);
				INFOPLIST_FILE = BiyeassTests/Info.plist;
				LD_RUNPATH_SEARCH_PATHS = "$(inherited) @executable_path/Frameworks @loader_path/Frameworks";
				PRODUCT_NAME = "$(TARGET_NAME)";
				TEST_HOST = "$(BUILT_PRODUCTS_DIR)/Biyeass.app/Biyeass";
			};
			name = Debug;
		};
		35A014001AF9016400CC7D5E /* Release */ = {
			isa = XCBuildConfiguration;
			buildSettings = {
				BUNDLE_LOADER = "$(TEST_HOST)";
				FRAMEWORK_SEARCH_PATHS = (
					"$(SDKROOT)/Developer/Library/Frameworks",
					"$(inherited)",
				);
				INFOPLIST_FILE = BiyeassTests/Info.plist;
				LD_RUNPATH_SEARCH_PATHS = "$(inherited) @executable_path/Frameworks @loader_path/Frameworks";
				PRODUCT_NAME = "$(TARGET_NAME)";
				TEST_HOST = "$(BUILT_PRODUCTS_DIR)/Biyeass.app/Biyeass";
			};
			name = Release;
		};
/* End XCBuildConfiguration section */

/* Begin XCConfigurationList section */
		35A013D31AF9016400CC7D5E /* Build configuration list for PBXProject "Biyeass" */ = {
			isa = XCConfigurationList;
			buildConfigurations = (
				35A013F91AF9016400CC7D5E /* Debug */,
				35A013FA1AF9016400CC7D5E /* Release */,
			);
			defaultConfigurationIsVisible = 0;
			defaultConfigurationName = Release;
		};
		35A013FB1AF9016400CC7D5E /* Build configuration list for PBXNativeTarget "Biyeass" */ = {
			isa = XCConfigurationList;
			buildConfigurations = (
				35A013FC1AF9016400CC7D5E /* Debug */,
				35A013FD1AF9016400CC7D5E /* Release */,
			);
			defaultConfigurationIsVisible = 0;
		};
		35A013FE1AF9016400CC7D5E /* Build configuration list for PBXNativeTarget "BiyeassTests" */ = {
			isa = XCConfigurationList;
			buildConfigurations = (
				35A013FF1AF9016400CC7D5E /* Debug */,
				35A014001AF9016400CC7D5E /* Release */,
			);
			defaultConfigurationIsVisible = 0;
		};
/* End XCConfigurationList section */
	};
	rootObject = 35A013D01AF9016400CC7D5E /* Project object */;
}
